# This file was autogenerated by Stack.
# You should not edit this file by hand.
# For more information, please see the documentation at:
#   https://docs.haskellstack.org/en/stable/lock_files

packages:
- completed:
    hackage: witherable-class-0@sha256:91f05518f9f4af5b02424f13ee7dcdab5d6618e01346aa2f388a72ff93e2e501,775
    pantry-tree:
      size: 277
      sha256: e99696bf95da593a3892c7b9a28db09ffd139b4b1b313f32cec9d26979aa7ce2
  original:
    hackage: witherable-class-0@sha256:91f05518f9f4af5b02424f13ee7dcdab5d6618e01346aa2f388a72ff93e2e501,775
- completed:
    name: monoid-statistics
    version: 1.1.0
    git: git@github.com:Shimuuar/monoid-statistics.git
    pantry-tree:
      size: 775
      sha256: 521e2334d1074d57e360ebe04cf47a961ed8055dd8bf38a2d3a6d9b3ca10790c
    commit: d82f384cc127e8bbabb774407d225ef07f341076
  original:
    git: git@github.com:Shimuuar/monoid-statistics.git
    commit: d82f384cc127e8bbabb774407d225ef07f341076
- completed:
    name: foundationdb-haskell
    version: 0.1.0.0
    git: https://github.com/crclark/foundationdb-haskell.git
    pantry-tree:
      size: 9030
      sha256: 49871056835e83fc92cb7dca888c8c2e7696a50a0ea4cb4950c4200845bbfa52
    commit: 63cd3fd930499f080b067f5edebf632c93d0c64f
  original:
    git: https://github.com/crclark/foundationdb-haskell.git
    commit: 63cd3fd930499f080b067f5edebf632c93d0c64f
- completed:
    hackage: simple-logger-0.1.1@sha256:a21912c52a702b4e3f2376f61e5bde61cb4504debe5269dd9f9dc762097ffdbd,1098
    pantry-tree:
      size: 376
      sha256: 2c5f5491d5269854fdaeeb8c139abd318507ab9b0ba95730781b880adb6864c9
  original:
    hackage: simple-logger-0.1.1@sha256:a21912c52a702b4e3f2376f61e5bde61cb4504debe5269dd9f9dc762097ffdbd,1098
snapshots:
- completed:
    size: 585392
    url: https://raw.githubusercontent.com/commercialhaskell/stackage-snapshots/master/lts/18/2.yaml
    sha256: 7abb45c0cc5eb349448b66d8753655542d45d387ad26970419282eab3d860724
  original: lts-18.2
