# This file was autogenerated by Stack.
# You should not edit this file by hand.
# For more information, please see the documentation at:
#   https://docs.haskellstack.org/en/stable/lock_files

packages:
- completed:
    hackage: ekg-0.4.0.15@sha256:f52d7c00654d72d2ab988255f30adba95a52484ac310bab9c136c64732e69f4b,2030
    pantry-tree:
      size: 1495
      sha256: 391c0a6aec6219bfcbbfec371281a27eae77f587f145c4f06f7fdddddaaf5327
  original:
    hackage: ekg-0.4.0.15@sha256:f52d7c00654d72d2ab988255f30adba95a52484ac310bab9c136c64732e69f4b
- completed:
    hackage: ekg-json-0.1.0.6@sha256:4ff2e9cac213a5868ae8b4a7c72a16a9a76fac14d944ae819b3d838a9725569b,1050
    pantry-tree:
      size: 265
      sha256: 77dde8082700d78a353b7e476e4457aaa41acf62b1b60dbdbb450dfd553cf9b5
  original:
    hackage: ekg-json-0.1.0.6@sha256:4ff2e9cac213a5868ae8b4a7c72a16a9a76fac14d944ae819b3d838a9725569b
- completed:
    hackage: quickcheck-state-machine-0.6.0@sha256:3e4f8df0f6b5d415e3c8840dc75034a63e37f56f5f8cfa1035ded16345235ac4,3825
    pantry-tree:
      size: 1926
      sha256: ae502fd7f4c6680294149bed482d1896904c1259d5ae614093da01e0731ec92e
  original:
    hackage: quickcheck-state-machine-0.6.0@sha256:3e4f8df0f6b5d415e3c8840dc75034a63e37f56f5f8cfa1035ded16345235ac4
- completed:
    hackage: pretty-show-1.9.5@sha256:92aa3f43d8459a9b543e102fbb0b7a6aae0074e18ca6a9970d9922a867114f53,1963
    pantry-tree:
      size: 735
      sha256: 99f373f488e3ec7391d856be1675c6e06eb994dd31c38edc7e19b8e4054fdb38
  original:
    hackage: pretty-show-1.9.5@sha256:92aa3f43d8459a9b543e102fbb0b7a6aae0074e18ca6a9970d9922a867114f53
- completed:
    hackage: witherable-0.3.5@sha256:6590a15735b50ac14dcc138d4265ff1585d5f3e9d3047d5ebc5abf4cd5f50084,1476
    pantry-tree:
      size: 271
      sha256: b99f21dbac28da031eb7c787fbffbe5e77e0aee42b64b5dda082470e907d5ab5
  original:
    hackage: witherable-0.3.5@sha256:6590a15735b50ac14dcc138d4265ff1585d5f3e9d3047d5ebc5abf4cd5f50084,1476
- completed:
    hackage: witherable-class-0@sha256:91f05518f9f4af5b02424f13ee7dcdab5d6618e01346aa2f388a72ff93e2e501,775
    pantry-tree:
      size: 277
      sha256: e99696bf95da593a3892c7b9a28db09ffd139b4b1b313f32cec9d26979aa7ce2
  original:
    hackage: witherable-class-0@sha256:91f05518f9f4af5b02424f13ee7dcdab5d6618e01346aa2f388a72ff93e2e501,775
- completed:
    cabal-file:
      size: 2399
      sha256: 501ed999e587c14877d4cb8b69fdef65fb9e4eec8d11b33459d9c8978275efe5
    name: monoid-statistics
    version: 1.1.0
    git: git@github.com:Shimuuar/monoid-statistics.git
    pantry-tree:
      size: 775
      sha256: 521e2334d1074d57e360ebe04cf47a961ed8055dd8bf38a2d3a6d9b3ca10790c
    commit: d82f384cc127e8bbabb774407d225ef07f341076
  original:
    git: git@github.com:Shimuuar/monoid-statistics.git
    commit: d82f384cc127e8bbabb774407d225ef07f341076
- completed:
    cabal-file:
      size: 7318
      sha256: 7dbff82bc126b657692174ca304ec397c0c6d11960f181ced7ce9fb320d668a0
    name: foundationdb-haskell
    version: 0.1.0.0
    git: https://github.com/crclark/foundationdb-haskell.git
    pantry-tree:
      size: 8582
      sha256: efc1fc2c33904c6149e51ecd7f790ad93f72b3c12556da916b2b20009f3e6c6e
    commit: 3e7559bb1c3509d17a0af3ce922fa80aa758477b
  original:
    git: https://github.com/crclark/foundationdb-haskell.git
    commit: 3e7559bb1c3509d17a0af3ce922fa80aa758477b
- completed:
    hackage: simple-logger-0.0.4@sha256:d66b9804a4ec63a2e4b5b284cfec892c5d881050a53947314710eb4b1a1ba91f,1008
    pantry-tree:
      size: 375
      sha256: c7a671c4edd76f12dbe42c4be7d5abc8d517eb8dedb4b8b056e06f55e7ad7caf
  original:
    hackage: simple-logger-0.0.4@sha256:d66b9804a4ec63a2e4b5b284cfec892c5d881050a53947314710eb4b1a1ba91f,1008
snapshots:
- completed:
    size: 524996
    url: https://raw.githubusercontent.com/commercialhaskell/stackage-snapshots/master/lts/14/27.yaml
    sha256: 7ea31a280c56bf36ff591a7397cc384d0dff622e7f9e4225b47d8980f019a0f0
  original: lts-14.27
