# This file was autogenerated by Stack.
# You should not edit this file by hand.
# For more information, please see the documentation at:
#   https://docs.haskellstack.org/en/stable/lock_files

packages:
- completed:
    hackage: ekg-0.4.0.15@sha256:f52d7c00654d72d2ab988255f30adba95a52484ac310bab9c136c64732e69f4b,2030
    pantry-tree:
      size: 1495
      sha256: 391c0a6aec6219bfcbbfec371281a27eae77f587f145c4f06f7fdddddaaf5327
  original:
    hackage: ekg-0.4.0.15@sha256:f52d7c00654d72d2ab988255f30adba95a52484ac310bab9c136c64732e69f4b
- completed:
    hackage: ekg-json-0.1.0.6@sha256:4ff2e9cac213a5868ae8b4a7c72a16a9a76fac14d944ae819b3d838a9725569b,1050
    pantry-tree:
      size: 265
      sha256: 77dde8082700d78a353b7e476e4457aaa41acf62b1b60dbdbb450dfd553cf9b5
  original:
    hackage: ekg-json-0.1.0.6@sha256:4ff2e9cac213a5868ae8b4a7c72a16a9a76fac14d944ae819b3d838a9725569b
- completed:
    hackage: quickcheck-state-machine-0.6.0@sha256:3e4f8df0f6b5d415e3c8840dc75034a63e37f56f5f8cfa1035ded16345235ac4,3825
    pantry-tree:
      size: 1926
      sha256: ae502fd7f4c6680294149bed482d1896904c1259d5ae614093da01e0731ec92e
  original:
    hackage: quickcheck-state-machine-0.6.0@sha256:3e4f8df0f6b5d415e3c8840dc75034a63e37f56f5f8cfa1035ded16345235ac4
- completed:
    hackage: pretty-show-1.9.5@sha256:92aa3f43d8459a9b543e102fbb0b7a6aae0074e18ca6a9970d9922a867114f53,1963
    pantry-tree:
      size: 735
      sha256: 99f373f488e3ec7391d856be1675c6e06eb994dd31c38edc7e19b8e4054fdb38
  original:
    hackage: pretty-show-1.9.5@sha256:92aa3f43d8459a9b543e102fbb0b7a6aae0074e18ca6a9970d9922a867114f53
- completed:
    cabal-file:
      size: 5394
      sha256: 8b6ded6ab6eef858b1e45c34ea35410d3df4a4a8adb4607397ddc0dca0eb7cc9
    name: foundationdb-haskell
    version: 0.1.0.0
    git: https://github.com/crclark/foundationdb-haskell.git
    pantry-tree:
      size: 2495
      sha256: 0de6905f1ab1f3a7ef376e0f57abac3257c1cd29ddcd38e116e6320fb2f108df
    commit: f42a244849af25b43a2544fc9e7c07a6d61340c6
  original:
    git: https://github.com/crclark/foundationdb-haskell.git
    commit: f42a244849af25b43a2544fc9e7c07a6d61340c6
snapshots:
- completed:
    size: 497078
    url: https://raw.githubusercontent.com/commercialhaskell/stackage-snapshots/master/lts/13/14.yaml
    sha256: 9e5ba48e5188aeb52bb0df9bc65dbd858a12c33f5b8d495a3eb588dc9ffcb15a
  original: lts-13.14
